
Microsoft Visual Studio Solution File, Format Version 12.00
# Visual Studio Version 16
VisualStudioVersion = 16.0.30204.135
MinimumVisualStudioVersion = 10.0.40219.1
Project("{FAE04EC0-301F-11D3-BF4B-00C04F79EFBC}") = "ProjectCursoXamarin", "ProjectCursoXamarin\ProjectCursoXamarin.csproj", "{BD46EA57-64E1-4E6D-8629-2EC28FBB9FC5}"
EndProject
Global
	GlobalSection(SolutionConfigurationPlatforms) = preSolution
		Debug|Any CPU = Debug|Any CPU
		Release|Any CPU = Release|Any CPU
	EndGlobalSection
	GlobalSection(ProjectConfigurationPlatforms) = postSolution
		{BD46EA57-64E1-4E6D-8629-2EC28FBB9FC5}.Debug|Any CPU.ActiveCfg = Debug|Any CPU
		{BD46EA57-64E1-4E6D-8629-2EC28FBB9FC5}.Debug|Any CPU.Build.0 = Debug|Any CPU
		{BD46EA57-64E1-4E6D-8629-2EC28FBB9FC5}.Release|Any CPU.ActiveCfg = Release|Any CPU
		{BD46EA57-64E1-4E6D-8629-2EC28FBB9FC5}.Release|Any CPU.Build.0 = Release|Any CPU
	EndGlobalSection
	GlobalSection(SolutionProperties) = preSolution
		HideSolutionNode = FALSE
	EndGlobalSection
	GlobalSection(ExtensibilityGlobals) = postSolution
		SolutionGuid = {15C703F5-32F0-4AF0-92C1-0C96C6B31374}
	EndGlobalSection
EndGlobal
